
Microsoft Visual Studio Solution File, Format Version 12.00
# Visual Studio Version 16
VisualStudioVersion = 16.0.30330.147
MinimumVisualStudioVersion = 10.0.40219.1
Project("{9A19103F-16F7-4668-BE54-9A1E7A4F7556}") = "TreasuryChallenge", "TreasuryChallenge.csproj", "{B7EEA90B-F162-4C8C-96D4-6AACB14DC0FF}"
EndProject
Global
	GlobalSection(SolutionConfigurationPlatforms) = preSolution
		Debug|Any CPU = Debug|Any CPU
		Release|Any CPU = Release|Any CPU
	EndGlobalSection
	GlobalSection(ProjectConfigurationPlatforms) = postSolution
		{B7EEA90B-F162-4C8C-96D4-6AACB14DC0FF}.Debug|Any CPU.ActiveCfg = Debug|Any CPU
		{B7EEA90B-F162-4C8C-96D4-6AACB14DC0FF}.Debug|Any CPU.Build.0 = Debug|Any CPU
		{B7EEA90B-F162-4C8C-96D4-6AACB14DC0FF}.Release|Any CPU.ActiveCfg = Release|Any CPU
		{B7EEA90B-F162-4C8C-96D4-6AACB14DC0FF}.Release|Any CPU.Build.0 = Release|Any CPU
	EndGlobalSection
	GlobalSection(SolutionProperties) = preSolution
		HideSolutionNode = FALSE
	EndGlobalSection
	GlobalSection(ExtensibilityGlobals) = postSolution
		SolutionGuid = {38752CD0-78F5-4F0B-8D2F-04BBCEED35E5}
	EndGlobalSection
EndGlobal
